
Microsoft Visual Studio Solution File, Format Version 12.00
# Visual Studio 15
VisualStudioVersion = 15.0.27428.2005
MinimumVisualStudioVersion = 10.0.40219.1
Project("{FAE04EC0-301F-11D3-BF4B-00C04F79EFBC}") = "LGH Server", "LGH Server\LGH Server.csproj", "{DB9015D8-8D62-42EB-9484-C1DA1763B3E6}"
EndProject
Global
	GlobalSection(SolutionConfigurationPlatforms) = preSolution
		Debug|Any CPU = Debug|Any CPU
		Release|Any CPU = Release|Any CPU
	EndGlobalSection
	GlobalSection(ProjectConfigurationPlatforms) = postSolution
		{DB9015D8-8D62-42EB-9484-C1DA1763B3E6}.Debug|Any CPU.ActiveCfg = Debug|Any CPU
		{DB9015D8-8D62-42EB-9484-C1DA1763B3E6}.Debug|Any CPU.Build.0 = Debug|Any CPU
		{DB9015D8-8D62-42EB-9484-C1DA1763B3E6}.Release|Any CPU.ActiveCfg = Release|Any CPU
		{DB9015D8-8D62-42EB-9484-C1DA1763B3E6}.Release|Any CPU.Build.0 = Release|Any CPU
	EndGlobalSection
	GlobalSection(SolutionProperties) = preSolution
		HideSolutionNode = FALSE
	EndGlobalSection
	GlobalSection(ExtensibilityGlobals) = postSolution
		SolutionGuid = {51459701-074F-4B66-B95D-87516156C5A7}
	EndGlobalSection
EndGlobal
